{
  "requires": true,
  "lockfileVersion": 1,
  "dependencies": {
    "@tolgee/core": {
      "version": "1.0.0-alpha.24",
      "resolved": "https://registry.npmjs.org/@tolgee/core/-/core-1.0.0-alpha.24.tgz",
      "integrity": "sha512-91gx+xkFkSeh8Kj6AIw4a0MN/nOqCEn7lmRV+0u8SK+1kBXxntWdAv0/3QMVR9eQML/xXIe+EVZ74Dlqj4athA=="
    },
    "@tolgee/ui": {
      "version": "1.0.0-alpha.24",
      "resolved": "https://registry.npmjs.org/@tolgee/ui/-/ui-1.0.0-alpha.24.tgz",
      "integrity": "sha512-FGUtEQH+RMIVDK6ZefkeIw7dba5cf8j51NLjhS7w3jAr0Mmi9V1up86F8wBeflttBFA8LNBhVUMlfRtiIl5qtA=="
    }
  }
}
